%{
  "accept": {:hex, :accept, "0.3.5", "b33b127abca7cc948bbe6caa4c263369abf1347cfa9d8e699c6d214660f10cd1", [:rebar3], [], "hexpm", "11b18c220bcc2eab63b5470c038ef10eb6783bcb1fcdb11aa4137defa5ac1bb8"},
  "gen_stage": {:hex, :gen_stage, "1.0.0", "51c8ae56ff54f9a2a604ca583798c210ad245f415115453b773b621c49776df5", [:mix], [], "hexpm", "1d9fc978db5305ac54e6f5fec7adf80cd893b1000cf78271564c516aa2af7706"},
  "jason": {:hex, :jason, "1.2.2", "ba43e3f2709fd1aa1dce90aaabfd039d000469c05c56f0b8e31978e03fa39052", [:mix], [{:decimal, "~> 1.0 or ~> 2.0", [hex: :decimal, repo: "hexpm", optional: true]}], "hexpm", "18a228f5f0058ee183f29f9eae0805c6e59d61c3b006760668d8d18ff0d12179"},
  "joken": {:hex, :joken, "2.3.0", "62a979c46f2c81dcb8ddc9150453b60d3757d1ac393c72bb20fc50a7b0827dc6", [:mix], [{:jose, "~> 1.10", [hex: :jose, repo: "hexpm", optional: false]}], "hexpm", "57b263a79c0ec5d536ac02d569c01e6b4de91bd1cb825625fe90eab4feb7bc1e"},
  "jose": {:hex, :jose, "1.11.1", "59da64010c69aad6cde2f5b9248b896b84472e99bd18f246085b7b9fe435dcdb", [:mix, :rebar3], [], "hexpm", "078f6c9fb3cd2f4cfafc972c814261a7d1e8d2b3685c0a76eb87e158efff1ac5"},
  "mime": {:hex, :mime, "1.5.0", "203ef35ef3389aae6d361918bf3f952fa17a09e8e43b5aa592b93eba05d0fb8d", [:mix], [], "hexpm", "55a94c0f552249fc1a3dd9cd2d3ab9de9d3c89b559c2bd01121f824834f24746"},
  "prometheus": {:hex, :prometheus, "4.6.0", "20510f381db1ccab818b4cf2fac5fa6ab5cc91bc364a154399901c001465f46f", [:mix, :rebar3], [], "hexpm", "4905fd2992f8038eccd7aa0cd22f40637ed618c0bed1f75c05aacec15b7545de"},
  "prometheus_ex": {:hex, :prometheus_ex, "3.0.5", "fa58cfd983487fc5ead331e9a3e0aa622c67232b3ec71710ced122c4c453a02f", [:mix], [{:prometheus, "~> 4.0", [hex: :prometheus, repo: "hexpm", optional: false]}], "hexpm", "9fd13404a48437e044b288b41f76e64acd9735fb8b0e3809f494811dfa66d0fb"},
  "prometheus_httpd": {:hex, :prometheus_httpd, "2.1.11", "f616ed9b85b536b195d94104063025a91f904a4cfc20255363f49a197d96c896", [:rebar3], [{:accept, "~> 0.3", [hex: :accept, repo: "hexpm", optional: false]}, {:prometheus, "~> 4.2", [hex: :prometheus, repo: "hexpm", optional: false]}], "hexpm", "0bbe831452cfdf9588538eb2f570b26f30c348adae5e95a7d87f35a5910bcf92"},
  "telemetry": {:hex, :telemetry, "0.4.2", "2808c992455e08d6177322f14d3bdb6b625fbcfd233a73505870d8738a2f4599", [:rebar3], [], "hexpm", "2d1419bd9dda6a206d7b5852179511722e2b18812310d304620c7bd92a13fcef"},
  "tesla": {:hex, :tesla, "1.4.0", "1081bef0124b8bdec1c3d330bbe91956648fb008cf0d3950a369cda466a31a87", [:mix], [{:castore, "~> 0.1", [hex: :castore, repo: "hexpm", optional: true]}, {:exjsx, ">= 3.0.0", [hex: :exjsx, repo: "hexpm", optional: true]}, {:finch, "~> 0.3", [hex: :finch, repo: "hexpm", optional: true]}, {:fuse, "~> 2.4", [hex: :fuse, repo: "hexpm", optional: true]}, {:gun, "~> 1.3", [hex: :gun, repo: "hexpm", optional: true]}, {:hackney, "~> 1.6", [hex: :hackney, repo: "hexpm", optional: true]}, {:ibrowse, "~> 4.4.0", [hex: :ibrowse, repo: "hexpm", optional: true]}, {:jason, ">= 1.0.0", [hex: :jason, repo: "hexpm", optional: true]}, {:mime, "~> 1.0", [hex: :mime, repo: "hexpm", optional: false]}, {:mint, "~> 1.0", [hex: :mint, repo: "hexpm", optional: true]}, {:poison, ">= 1.0.0", [hex: :poison, repo: "hexpm", optional: true]}, {:telemetry, "~> 0.4", [hex: :telemetry, repo: "hexpm", optional: true]}], "hexpm", "bf1374a5569f5fca8e641363b63f7347d680d91388880979a33bc12a6eb3e0aa"},
  "uuid": {:hex, :uuid, "1.1.8", "e22fc04499de0de3ed1116b770c7737779f226ceefa0badb3592e64d5cfb4eb9", [:mix], [], "hexpm", "c790593b4c3b601f5dc2378baae7efaf5b3d73c4c6456ba85759905be792f2ac"},
}
